// !$*UTF8*$!
{
	archiveVersion = 1;
	classes = {
	};
	objectVersion = 77;
	objects = {

/* Begin PBXBuildFile section */
		023939437342C131EEF2B673 /* WatchReaderView.swift in Sources */ = {isa = PBXBuildFile; fileRef = E44CFFBFC4CF764A0B1E8B34 /* WatchReaderView.swift */; };
		122AC3474CA03999334E65CF /* CompanionSync.swift in Sources */ = {isa = PBXBuildFile; fileRef = 623DCE1E666AA2B7B050E275 /* CompanionSync.swift */; };
		182BD29826550342634D175C /* AppModel.swift in Sources */ = {isa = PBXBuildFile; fileRef = 7187879D676D30ECB4256EDC /* AppModel.swift */; };
		1C5823E7EECCDC33AE1F2EB4 /* SwordKit in Frameworks */ = {isa = PBXBuildFile; productRef = 1BFE90372642D93DEC251D88 /* SwordKit */; };
		2007609C62F55BA0F0B8DE99 /* WatchReaderModel.swift in Sources */ = {isa = PBXBuildFile; fileRef = 2F19A26B63B5D593D21B65DF /* WatchReaderModel.swift */; };
		264FD9BB898940E0CE221109 /* LibraryView.swift in Sources */ = {isa = PBXBuildFile; fileRef = 3AE97C20016F8E4AD4AD5DCF /* LibraryView.swift */; };
		2C3B1C3F95C51B1AB0E75A92 /* FeedbackReport.swift in Sources */ = {isa = PBXBuildFile; fileRef = 6AE0C9255365974501D29A58 /* FeedbackReport.swift */; };
		2DE65A5A7FF91282FA01AC9D /* CompanionSync.swift in Sources */ = {isa = PBXBuildFile; fileRef = 623DCE1E666AA2B7B050E275 /* CompanionSync.swift */; };
		2E511E2351B5D06AE5267162 /* BuiltInReadingPlans.swift in Sources */ = {isa = PBXBuildFile; fileRef = E161AF8DCF5C505A9C730E0D /* BuiltInReadingPlans.swift */; };
		323FA00F082D46FB537A9B5D /* BuiltInReadingPlans.swift in Sources */ = {isa = PBXBuildFile; fileRef = E161AF8DCF5C505A9C730E0D /* BuiltInReadingPlans.swift */; };
		3BAF876C5E73FDE361F42B85 /* SwordReaderCommands.swift in Sources */ = {isa = PBXBuildFile; fileRef = BDAEEF5A19F415E628AFC0F8 /* SwordReaderCommands.swift */; };
		3DB20FC88172D40D6C6EC86A /* AppModel.swift in Sources */ = {isa = PBXBuildFile; fileRef = 7187879D676D30ECB4256EDC /* AppModel.swift */; };
		490B7C09AAEE89F570BE2493 /* StudyStore.swift in Sources */ = {isa = PBXBuildFile; fileRef = 779909E15D9A44634284F23A /* StudyStore.swift */; };
		4D095ED2041DEF217FE3D2BC /* ReadingPlansView.swift in Sources */ = {isa = PBXBuildFile; fileRef = 9521D193DBFADA37E949C355 /* ReadingPlansView.swift */; };
		4EAC21187D8B67F6731F0EB2 /* Localizable.xcstrings in Resources */ = {isa = PBXBuildFile; fileRef = 2491B52C76E1C3649C3451F7 /* Localizable.xcstrings */; };
		57B344E1480A39125168264F /* SwordKit in Frameworks */ = {isa = PBXBuildFile; productRef = 18F967ADF67FF2D952214576 /* SwordKit */; };
		594C2434EDBC0AC79E54D41E /* ModuleSourcesView.swift in Sources */ = {isa = PBXBuildFile; fileRef = 88FB9904985945090F1AE920 /* ModuleSourcesView.swift */; };
		5B88F4C1D948610C9501EC5C /* ReadingPlanReminderScheduler.swift in Sources */ = {isa = PBXBuildFile; fileRef = 07CE999C39AF639F6A5DAAAE /* ReadingPlanReminderScheduler.swift */; };
		5F8082E8C38A18BA4984E15F /* ScriptureService.swift in Sources */ = {isa = PBXBuildFile; fileRef = 9CC1F04AA5EA5AB3CD6D26EF /* ScriptureService.swift */; };
		6009634BCF33445C26D9BA47 /* Localizable.xcstrings in Resources */ = {isa = PBXBuildFile; fileRef = 2491B52C76E1C3649C3451F7 /* Localizable.xcstrings */; };
		60CF04167A8D1134B0C7158F /* Assets.xcassets in Resources */ = {isa = PBXBuildFile; fileRef = 4103FD393D83A47DD84517C2 /* Assets.xcassets */; };
		6A072D123975D86B1083E062 /* ReaderView.swift in Sources */ = {isa = PBXBuildFile; fileRef = F9F56BD8D43DB695CDBF6FA1 /* ReaderView.swift */; };
		6A351D71793BE44657B5FA4A /* SwordReaderApp.swift in Sources */ = {isa = PBXBuildFile; fileRef = 16F1353239778C7BDA6745BE /* SwordReaderApp.swift */; };
		6B37C3BDCC3C7D7D57C0D95F /* OnboardingView.swift in Sources */ = {isa = PBXBuildFile; fileRef = 6469A607DD256F71E8190B92 /* OnboardingView.swift */; };
		6FF718927442EFFE1CE9D83C /* PrivacyInfo.xcprivacy in Resources */ = {isa = PBXBuildFile; fileRef = 6CFB6AFF829370098E85374A /* PrivacyInfo.xcprivacy */; };
		7188B75C2FE76BDD8F424BDE /* SwordReaderApp.swift in Sources */ = {isa = PBXBuildFile; fileRef = 16F1353239778C7BDA6745BE /* SwordReaderApp.swift */; };
		83EE1E8A576CC2D940596B8E /* ScriptureModels.swift in Sources */ = {isa = PBXBuildFile; fileRef = 12E1E8FB5D3F6DA959D2262C /* ScriptureModels.swift */; };
		86E7749B2AB62AE5490BA88C /* SwordReaderCommands.swift in Sources */ = {isa = PBXBuildFile; fileRef = BDAEEF5A19F415E628AFC0F8 /* SwordReaderCommands.swift */; };
		9A11462734D192571B619533 /* ReaderContinuityActivity.swift in Sources */ = {isa = PBXBuildFile; fileRef = 4ED025CDA228F5BF1BFC0211 /* ReaderContinuityActivity.swift */; };
		9F9C8C85549F0BEB10525E5D /* OnboardingView.swift in Sources */ = {isa = PBXBuildFile; fileRef = 6469A607DD256F71E8190B92 /* OnboardingView.swift */; };
		A14388353CCED21CD2CC9DFF /* RemoteModuleBrowser.swift in Sources */ = {isa = PBXBuildFile; fileRef = 7FD4F6E041939D1BDFAEA801 /* RemoteModuleBrowser.swift */; };
		A2FC43E7A6889FC7B55330E0 /* PrivacyAndLicensesView.swift in Sources */ = {isa = PBXBuildFile; fileRef = 5FF4650224CED85ED1D26859 /* PrivacyAndLicensesView.swift */; };
		A43909D98CB5E98F7D7FAE86 /* PrivacyInfo.xcprivacy in Resources */ = {isa = PBXBuildFile; fileRef = 33F43383FF3D4DDA7EBF9BB1 /* PrivacyInfo.xcprivacy */; };
		A7C802DA9E68059FEDD14CAA /* Assets.xcassets in Resources */ = {isa = PBXBuildFile; fileRef = 4103FD393D83A47DD84517C2 /* Assets.xcassets */; };
		AAB7033D031B86D14ACC2CE4 /* SwordKit in Frameworks */ = {isa = PBXBuildFile; productRef = 1DF7AC1CF36D2CDF52E0FC47 /* SwordKit */; };
		B57C1C554734A5FFAC2B4AE3 /* ScriptureService.swift in Sources */ = {isa = PBXBuildFile; fileRef = 9CC1F04AA5EA5AB3CD6D26EF /* ScriptureService.swift */; };
		B880DFBA56DA7D82C8C905FF /* FeedbackView.swift in Sources */ = {isa = PBXBuildFile; fileRef = 9DD0644B96E4B1306F66EBF6 /* FeedbackView.swift */; };
		B8A3B1A45FCFA16787DC569C /* SwordReaderWatch.app in Embed Watch Content */ = {isa = PBXBuildFile; fileRef = FFF9F7612224C5049A38F285 /* SwordReaderWatch.app */; settings = {ATTRIBUTES = (RemoveHeadersOnCopy, ); }; };
		BC244FC7AD65C73C2993ABFB /* FeedbackReport.swift in Sources */ = {isa = PBXBuildFile; fileRef = 6AE0C9255365974501D29A58 /* FeedbackReport.swift */; };
		BCC2733314D41E38215A6660 /* ModuleSourcesView.swift in Sources */ = {isa = PBXBuildFile; fileRef = 88FB9904985945090F1AE920 /* ModuleSourcesView.swift */; };
		BE1539567FA191395F00429E /* SwordReaderWatchApp.swift in Sources */ = {isa = PBXBuildFile; fileRef = BEBDDD380A2DBC81DCD252FE /* SwordReaderWatchApp.swift */; };
		C3207A64496F3151B78A3775 /* PrivacyInfo.xcprivacy in Resources */ = {isa = PBXBuildFile; fileRef = 6CFB6AFF829370098E85374A /* PrivacyInfo.xcprivacy */; };
		C3702C2A075B71841E477363 /* AppModelTests.swift in Sources */ = {isa = PBXBuildFile; fileRef = B339F32346BF8D819B510313 /* AppModelTests.swift */; };
		D0476DEFEBF151A2A2324B14 /* RootView.swift in Sources */ = {isa = PBXBuildFile; fileRef = 5F770C383F38C009A1AD8849 /* RootView.swift */; };
		D99C4EB13C43952B2533BC3D /* ScriptureModels.swift in Sources */ = {isa = PBXBuildFile; fileRef = 12E1E8FB5D3F6DA959D2262C /* ScriptureModels.swift */; };
		DCD641C8F1931CFCFA7E8AEC /* RemoteModuleBrowser.swift in Sources */ = {isa = PBXBuildFile; fileRef = 7FD4F6E041939D1BDFAEA801 /* RemoteModuleBrowser.swift */; };
		E3422C241C41209E1A5340A7 /* ReaderView.swift in Sources */ = {isa = PBXBuildFile; fileRef = F9F56BD8D43DB695CDBF6FA1 /* ReaderView.swift */; };
		E6D0FEADDEE34DCF715849E2 /* PrivacyAndLicensesView.swift in Sources */ = {isa = PBXBuildFile; fileRef = 5FF4650224CED85ED1D26859 /* PrivacyAndLicensesView.swift */; };
		E7E464A945855B2B7D586AEC /* StudyStore.swift in Sources */ = {isa = PBXBuildFile; fileRef = 779909E15D9A44634284F23A /* StudyStore.swift */; };
		ED949E0BB7CEB907075FBE1C /* ReadingPlansView.swift in Sources */ = {isa = PBXBuildFile; fileRef = 9521D193DBFADA37E949C355 /* ReadingPlansView.swift */; };
		EEDECA17C41A459D87109740 /* Assets.xcassets in Resources */ = {isa = PBXBuildFile; fileRef = 1741643992A27FFAFA934371 /* Assets.xcassets */; };
		EF0A36C005481EB200119EE3 /* LibraryView.swift in Sources */ = {isa = PBXBuildFile; fileRef = 3AE97C20016F8E4AD4AD5DCF /* LibraryView.swift */; };
		EFEE74F426EE1C5291DFC796 /* ReaderContinuityActivity.swift in Sources */ = {isa = PBXBuildFile; fileRef = 4ED025CDA228F5BF1BFC0211 /* ReaderContinuityActivity.swift */; };
		F53FF6732884320783B04C88 /* ReadingPlanReminderScheduler.swift in Sources */ = {isa = PBXBuildFile; fileRef = 07CE999C39AF639F6A5DAAAE /* ReadingPlanReminderScheduler.swift */; };
		F618F5CB75642F8BF1C91214 /* Localizable.xcstrings in Resources */ = {isa = PBXBuildFile; fileRef = 5CCAF77317D7CE2995A1B755 /* Localizable.xcstrings */; };
		F7378B214BADAC5C6DC40B7D /* RootView.swift in Sources */ = {isa = PBXBuildFile; fileRef = 5F770C383F38C009A1AD8849 /* RootView.swift */; };
		F77AE960E371172484B061CC /* SearchView.swift in Sources */ = {isa = PBXBuildFile; fileRef = AD31039C38AF776EE199BD39 /* SearchView.swift */; };
		FA41661C793F5DA18FB1C312 /* SearchView.swift in Sources */ = {isa = PBXBuildFile; fileRef = AD31039C38AF776EE199BD39 /* SearchView.swift */; };
		FD7F5E2AC675FA1F8CD2EEE3 /* FeedbackView.swift in Sources */ = {isa = PBXBuildFile; fileRef = 9DD0644B96E4B1306F66EBF6 /* FeedbackView.swift */; };
/* End PBXBuildFile section */

/* Begin PBXContainerItemProxy section */
		39DB3744FD1A3387EE1B848A /* PBXContainerItemProxy */ = {
			isa = PBXContainerItemProxy;
			containerPortal = 16C467349B56CD9E595855F1 /* Project object */;
			proxyType = 1;
			remoteGlobalIDString = 3B1F91441D73EA9C0880F091;
			remoteInfo = SwordReaderWatch;
		};
		FCC5205E32202D4B5CFBFF61 /* PBXContainerItemProxy */ = {
			isa = PBXContainerItemProxy;
			containerPortal = 16C467349B56CD9E595855F1 /* Project object */;
			proxyType = 1;
			remoteGlobalIDString = EC15686F40B9BCFC65ED270A;
			remoteInfo = SwordReaderMac;
		};
/* End PBXContainerItemProxy section */

/* Begin PBXCopyFilesBuildPhase section */
		40FFC498A67FEDFE0EA73EA8 /* Embed Watch Content */ = {
			isa = PBXCopyFilesBuildPhase;
			buildActionMask = 2147483647;
			dstPath = "$(CONTENTS_FOLDER_PATH)/Watch";
			dstSubfolderSpec = 16;
			files = (
				B8A3B1A45FCFA16787DC569C /* SwordReaderWatch.app in Embed Watch Content */,
			);
			name = "Embed Watch Content";
			runOnlyForDeploymentPostprocessing = 0;
		};
/* End PBXCopyFilesBuildPhase section */

/* Begin PBXFileReference section */
		07CE999C39AF639F6A5DAAAE /* ReadingPlanReminderScheduler.swift */ = {isa = PBXFileReference; lastKnownFileType = sourcecode.swift; path = ReadingPlanReminderScheduler.swift; sourceTree = "<group>"; };
		12E1E8FB5D3F6DA959D2262C /* ScriptureModels.swift */ = {isa = PBXFileReference; lastKnownFileType = sourcecode.swift; path = ScriptureModels.swift; sourceTree = "<group>"; };
		16F1353239778C7BDA6745BE /* SwordReaderApp.swift */ = {isa = PBXFileReference; lastKnownFileType = sourcecode.swift; path = SwordReaderApp.swift; sourceTree = "<group>"; };
		1741643992A27FFAFA934371 /* Assets.xcassets */ = {isa = PBXFileReference; lastKnownFileType = folder.assetcatalog; path = Assets.xcassets; sourceTree = "<group>"; };
		2491B52C76E1C3649C3451F7 /* Localizable.xcstrings */ = {isa = PBXFileReference; lastKnownFileType = text.json.xcstrings; path = Localizable.xcstrings; sourceTree = "<group>"; };
		27949FEDA7BA18A660F53B7B /* SwordReaderMac.app */ = {isa = PBXFileReference; explicitFileType = wrapper.application; includeInIndex = 0; path = SwordReaderMac.app; sourceTree = BUILT_PRODUCTS_DIR; };
		2F19A26B63B5D593D21B65DF /* WatchReaderModel.swift */ = {isa = PBXFileReference; lastKnownFileType = sourcecode.swift; path = WatchReaderModel.swift; sourceTree = "<group>"; };
		3354BAF88C227A85054E11D8 /* SwordReader.app */ = {isa = PBXFileReference; includeInIndex = 0; lastKnownFileType = wrapper.application; path = SwordReader.app; sourceTree = BUILT_PRODUCTS_DIR; };
		33F43383FF3D4DDA7EBF9BB1 /* PrivacyInfo.xcprivacy */ = {isa = PBXFileReference; path = PrivacyInfo.xcprivacy; sourceTree = "<group>"; };
		3AE97C20016F8E4AD4AD5DCF /* LibraryView.swift */ = {isa = PBXFileReference; lastKnownFileType = sourcecode.swift; path = LibraryView.swift; sourceTree = "<group>"; };
		4103FD393D83A47DD84517C2 /* Assets.xcassets */ = {isa = PBXFileReference; lastKnownFileType = folder.assetcatalog; path = Assets.xcassets; sourceTree = "<group>"; };
		4ED025CDA228F5BF1BFC0211 /* ReaderContinuityActivity.swift */ = {isa = PBXFileReference; lastKnownFileType = sourcecode.swift; path = ReaderContinuityActivity.swift; sourceTree = "<group>"; };
		5868C39750F4174ED6485C38 /* SwordReaderTests.xctest */ = {isa = PBXFileReference; explicitFileType = wrapper.cfbundle; includeInIndex = 0; path = SwordReaderTests.xctest; sourceTree = BUILT_PRODUCTS_DIR; };
		5CCAF77317D7CE2995A1B755 /* Localizable.xcstrings */ = {isa = PBXFileReference; lastKnownFileType = text.json.xcstrings; path = Localizable.xcstrings; sourceTree = "<group>"; };
		5F770C383F38C009A1AD8849 /* RootView.swift */ = {isa = PBXFileReference; lastKnownFileType = sourcecode.swift; path = RootView.swift; sourceTree = "<group>"; };
		5FF4650224CED85ED1D26859 /* PrivacyAndLicensesView.swift */ = {isa = PBXFileReference; lastKnownFileType = sourcecode.swift; path = PrivacyAndLicensesView.swift; sourceTree = "<group>"; };
		623DCE1E666AA2B7B050E275 /* CompanionSync.swift */ = {isa = PBXFileReference; lastKnownFileType = sourcecode.swift; path = CompanionSync.swift; sourceTree = "<group>"; };
		6469A607DD256F71E8190B92 /* OnboardingView.swift */ = {isa = PBXFileReference; lastKnownFileType = sourcecode.swift; path = OnboardingView.swift; sourceTree = "<group>"; };
		6AE0C9255365974501D29A58 /* FeedbackReport.swift */ = {isa = PBXFileReference; lastKnownFileType = sourcecode.swift; path = FeedbackReport.swift; sourceTree = "<group>"; };
		6CFB6AFF829370098E85374A /* PrivacyInfo.xcprivacy */ = {isa = PBXFileReference; path = PrivacyInfo.xcprivacy; sourceTree = "<group>"; };
		7187879D676D30ECB4256EDC /* AppModel.swift */ = {isa = PBXFileReference; lastKnownFileType = sourcecode.swift; path = AppModel.swift; sourceTree = "<group>"; };
		779909E15D9A44634284F23A /* StudyStore.swift */ = {isa = PBXFileReference; lastKnownFileType = sourcecode.swift; path = StudyStore.swift; sourceTree = "<group>"; };
		7FD4F6E041939D1BDFAEA801 /* RemoteModuleBrowser.swift */ = {isa = PBXFileReference; lastKnownFileType = sourcecode.swift; path = RemoteModuleBrowser.swift; sourceTree = "<group>"; };
		88FB9904985945090F1AE920 /* ModuleSourcesView.swift */ = {isa = PBXFileReference; lastKnownFileType = sourcecode.swift; path = ModuleSourcesView.swift; sourceTree = "<group>"; };
		9521D193DBFADA37E949C355 /* ReadingPlansView.swift */ = {isa = PBXFileReference; lastKnownFileType = sourcecode.swift; path = ReadingPlansView.swift; sourceTree = "<group>"; };
		9CC1F04AA5EA5AB3CD6D26EF /* ScriptureService.swift */ = {isa = PBXFileReference; lastKnownFileType = sourcecode.swift; path = ScriptureService.swift; sourceTree = "<group>"; };
		9DD0644B96E4B1306F66EBF6 /* FeedbackView.swift */ = {isa = PBXFileReference; lastKnownFileType = sourcecode.swift; path = FeedbackView.swift; sourceTree = "<group>"; };
		AD31039C38AF776EE199BD39 /* SearchView.swift */ = {isa = PBXFileReference; lastKnownFileType = sourcecode.swift; path = SearchView.swift; sourceTree = "<group>"; };
		B339F32346BF8D819B510313 /* AppModelTests.swift */ = {isa = PBXFileReference; lastKnownFileType = sourcecode.swift; path = AppModelTests.swift; sourceTree = "<group>"; };
		BDAEEF5A19F415E628AFC0F8 /* SwordReaderCommands.swift */ = {isa = PBXFileReference; lastKnownFileType = sourcecode.swift; path = SwordReaderCommands.swift; sourceTree = "<group>"; };
		BEBDDD380A2DBC81DCD252FE /* SwordReaderWatchApp.swift */ = {isa = PBXFileReference; lastKnownFileType = sourcecode.swift; path = SwordReaderWatchApp.swift; sourceTree = "<group>"; };
		E161AF8DCF5C505A9C730E0D /* BuiltInReadingPlans.swift */ = {isa = PBXFileReference; lastKnownFileType = sourcecode.swift; path = BuiltInReadingPlans.swift; sourceTree = "<group>"; };
		E44CFFBFC4CF764A0B1E8B34 /* WatchReaderView.swift */ = {isa = PBXFileReference; lastKnownFileType = sourcecode.swift; path = WatchReaderView.swift; sourceTree = "<group>"; };
		F9F56BD8D43DB695CDBF6FA1 /* ReaderView.swift */ = {isa = PBXFileReference; lastKnownFileType = sourcecode.swift; path = ReaderView.swift; sourceTree = "<group>"; };
		FFF9F7612224C5049A38F285 /* SwordReaderWatch.app */ = {isa = PBXFileReference; explicitFileType = wrapper.application; includeInIndex = 0; path = SwordReaderWatch.app; sourceTree = BUILT_PRODUCTS_DIR; };
/* End PBXFileReference section */

/* Begin PBXFrameworksBuildPhase section */
		19C64A53C31931D8B22594A3 /* Frameworks */ = {
			isa = PBXFrameworksBuildPhase;
			buildActionMask = 2147483647;
			files = (
				57B344E1480A39125168264F /* SwordKit in Frameworks */,
			);
			runOnlyForDeploymentPostprocessing = 0;
		};
		2EC9D2AC12BE6ADD028D6017 /* Frameworks */ = {
			isa = PBXFrameworksBuildPhase;
			buildActionMask = 2147483647;
			files = (
				1C5823E7EECCDC33AE1F2EB4 /* SwordKit in Frameworks */,
			);
			runOnlyForDeploymentPostprocessing = 0;
		};
		73FF209B731A8F342C5BF634 /* Frameworks */ = {
			isa = PBXFrameworksBuildPhase;
			buildActionMask = 2147483647;
			files = (
				AAB7033D031B86D14ACC2CE4 /* SwordKit in Frameworks */,
			);
			runOnlyForDeploymentPostprocessing = 0;
		};
/* End PBXFrameworksBuildPhase section */

/* Begin PBXGroup section */
		0D7007C207D54C18950E12BF /* SwordReaderWatch */ = {
			isa = PBXGroup;
			children = (
				1741643992A27FFAFA934371 /* Assets.xcassets */,
				5CCAF77317D7CE2995A1B755 /* Localizable.xcstrings */,
				33F43383FF3D4DDA7EBF9BB1 /* PrivacyInfo.xcprivacy */,
				BEBDDD380A2DBC81DCD252FE /* SwordReaderWatchApp.swift */,
				2F19A26B63B5D593D21B65DF /* WatchReaderModel.swift */,
				E44CFFBFC4CF764A0B1E8B34 /* WatchReaderView.swift */,
			);
			path = SwordReaderWatch;
			sourceTree = "<group>";
		};
		3FA44ED71AC14BFBE494ECCE /* Model */ = {
			isa = PBXGroup;
			children = (
				7187879D676D30ECB4256EDC /* AppModel.swift */,
			);
			path = Model;
			sourceTree = "<group>";
		};
		43798D13C136E96574B5F255 /* SwordReaderTests */ = {
			isa = PBXGroup;
			children = (
				B339F32346BF8D819B510313 /* AppModelTests.swift */,
			);
			path = SwordReaderTests;
			sourceTree = "<group>";
		};
		45A7E9DDE294E81DED1711CC /* Search */ = {
			isa = PBXGroup;
			children = (
				AD31039C38AF776EE199BD39 /* SearchView.swift */,
			);
			path = Search;
			sourceTree = "<group>";
		};
		5330FD54B3A2CE1C89A1DDA4 /* Plans */ = {
			isa = PBXGroup;
			children = (
				E161AF8DCF5C505A9C730E0D /* BuiltInReadingPlans.swift */,
				9521D193DBFADA37E949C355 /* ReadingPlansView.swift */,
			);
			path = Plans;
			sourceTree = "<group>";
		};
		82FA916EA38CA6043226EBF8 /* SwordReader */ = {
			isa = PBXGroup;
			children = (
				4103FD393D83A47DD84517C2 /* Assets.xcassets */,
				2491B52C76E1C3649C3451F7 /* Localizable.xcstrings */,
				6CFB6AFF829370098E85374A /* PrivacyInfo.xcprivacy */,
				F3CC7BF8F2443C947946422A /* App */,
				F151B0D27F5B97939524068D /* Domain */,
				F0019C899B5DF0D60CFF3852 /* Features */,
				3FA44ED71AC14BFBE494ECCE /* Model */,
				D75C18E5AC7115D5FA909B36 /* Persistence */,
				8DC01FE4AA2B7221A8632B3B /* Platform */,
				8852B1AC01E0AA4FB95C5055 /* Services */,
			);
			path = SwordReader;
			sourceTree = "<group>";
		};
		8852B1AC01E0AA4FB95C5055 /* Services */ = {
			isa = PBXGroup;
			children = (
				623DCE1E666AA2B7B050E275 /* CompanionSync.swift */,
				4ED025CDA228F5BF1BFC0211 /* ReaderContinuityActivity.swift */,
				07CE999C39AF639F6A5DAAAE /* ReadingPlanReminderScheduler.swift */,
				9CC1F04AA5EA5AB3CD6D26EF /* ScriptureService.swift */,
			);
			path = Services;
			sourceTree = "<group>";
		};
		8AF4F5A6F4B0EB2D336451CE /* Library */ = {
			isa = PBXGroup;
			children = (
				3AE97C20016F8E4AD4AD5DCF /* LibraryView.swift */,
				88FB9904985945090F1AE920 /* ModuleSourcesView.swift */,
				5FF4650224CED85ED1D26859 /* PrivacyAndLicensesView.swift */,
				7FD4F6E041939D1BDFAEA801 /* RemoteModuleBrowser.swift */,
			);
			path = Library;
			sourceTree = "<group>";
		};
		8DC01FE4AA2B7221A8632B3B /* Platform */ = {
			isa = PBXGroup;
			children = (
				E891C09435ED5659B165702B /* macOS */,
			);
			path = Platform;
			sourceTree = "<group>";
		};
		97345EADA142A9A32AFDA453 /* Onboarding */ = {
			isa = PBXGroup;
			children = (
				6469A607DD256F71E8190B92 /* OnboardingView.swift */,
			);
			path = Onboarding;
			sourceTree = "<group>";
		};
		B7DC0FAF66DF9403018E8327 = {
			isa = PBXGroup;
			children = (
				82FA916EA38CA6043226EBF8 /* SwordReader */,
				43798D13C136E96574B5F255 /* SwordReaderTests */,
				0D7007C207D54C18950E12BF /* SwordReaderWatch */,
				BB0C71F8AAD2CCE4EAF275F0 /* Products */,
			);
			sourceTree = "<group>";
		};
		BB0C71F8AAD2CCE4EAF275F0 /* Products */ = {
			isa = PBXGroup;
			children = (
				3354BAF88C227A85054E11D8 /* SwordReader.app */,
				27949FEDA7BA18A660F53B7B /* SwordReaderMac.app */,
				5868C39750F4174ED6485C38 /* SwordReaderTests.xctest */,
				FFF9F7612224C5049A38F285 /* SwordReaderWatch.app */,
			);
			name = Products;
			sourceTree = "<group>";
		};
		D75C18E5AC7115D5FA909B36 /* Persistence */ = {
			isa = PBXGroup;
			children = (
				779909E15D9A44634284F23A /* StudyStore.swift */,
			);
			path = Persistence;
			sourceTree = "<group>";
		};
		E891C09435ED5659B165702B /* macOS */ = {
			isa = PBXGroup;
			children = (
				BDAEEF5A19F415E628AFC0F8 /* SwordReaderCommands.swift */,
			);
			path = macOS;
			sourceTree = "<group>";
		};
		F0019C899B5DF0D60CFF3852 /* Features */ = {
			isa = PBXGroup;
			children = (
				F6C50EBDEDF885A97B9CAE04 /* Feedback */,
				8AF4F5A6F4B0EB2D336451CE /* Library */,
				97345EADA142A9A32AFDA453 /* Onboarding */,
				5330FD54B3A2CE1C89A1DDA4 /* Plans */,
				FC4095CCBB16DD22D8122991 /* Reader */,
				45A7E9DDE294E81DED1711CC /* Search */,
			);
			path = Features;
			sourceTree = "<group>";
		};
		F151B0D27F5B97939524068D /* Domain */ = {
			isa = PBXGroup;
			children = (
				12E1E8FB5D3F6DA959D2262C /* ScriptureModels.swift */,
			);
			path = Domain;
			sourceTree = "<group>";
		};
		F3CC7BF8F2443C947946422A /* App */ = {
			isa = PBXGroup;
			children = (
				5F770C383F38C009A1AD8849 /* RootView.swift */,
				16F1353239778C7BDA6745BE /* SwordReaderApp.swift */,
			);
			path = App;
			sourceTree = "<group>";
		};
		F6C50EBDEDF885A97B9CAE04 /* Feedback */ = {
			isa = PBXGroup;
			children = (
				6AE0C9255365974501D29A58 /* FeedbackReport.swift */,
				9DD0644B96E4B1306F66EBF6 /* FeedbackView.swift */,
			);
			path = Feedback;
			sourceTree = "<group>";
		};
		FC4095CCBB16DD22D8122991 /* Reader */ = {
			isa = PBXGroup;
			children = (
				F9F56BD8D43DB695CDBF6FA1 /* ReaderView.swift */,
			);
			path = Reader;
			sourceTree = "<group>";
		};
/* End PBXGroup section */

/* Begin PBXNativeTarget section */
		0AD9380AC6E5FCDA8579BF69 /* SwordReader */ = {
			isa = PBXNativeTarget;
			buildConfigurationList = E644396F2BF00BC1DC62F43C /* Build configuration list for PBXNativeTarget "SwordReader" */;
			buildPhases = (
				644E7A5F61AE7800BBBC084E /* Sources */,
				3CF9EBEA42D168CD680DC3F7 /* Resources */,
				73FF209B731A8F342C5BF634 /* Frameworks */,
				40FFC498A67FEDFE0EA73EA8 /* Embed Watch Content */,
			);
			buildRules = (
			);
			dependencies = (
				7D18BE754967378E15A3C47B /* PBXTargetDependency */,
			);
			name = SwordReader;
			packageProductDependencies = (
				1DF7AC1CF36D2CDF52E0FC47 /* SwordKit */,
			);
			productName = SwordReader;
			productReference = 3354BAF88C227A85054E11D8 /* SwordReader.app */;
			productType = "com.apple.product-type.application";
		};
		3B1F91441D73EA9C0880F091 /* SwordReaderWatch */ = {
			isa = PBXNativeTarget;
			buildConfigurationList = 2A9772F3F65DE622C3E0DBF2 /* Build configuration list for PBXNativeTarget "SwordReaderWatch" */;
			buildPhases = (
				97956F40CB4398B11DBA5EEC /* Sources */,
				0FF889044138312F9BC15710 /* Resources */,
				19C64A53C31931D8B22594A3 /* Frameworks */,
			);
			buildRules = (
			);
			dependencies = (
			);
			name = SwordReaderWatch;
			packageProductDependencies = (
				18F967ADF67FF2D952214576 /* SwordKit */,
			);
			productName = SwordReaderWatch;
			productReference = FFF9F7612224C5049A38F285 /* SwordReaderWatch.app */;
			productType = "com.apple.product-type.application";
		};
		73B41B9F7144684A25E6BFD0 /* SwordReaderTests */ = {
			isa = PBXNativeTarget;
			buildConfigurationList = 63B87D05E59AC393E94F215B /* Build configuration list for PBXNativeTarget "SwordReaderTests" */;
			buildPhases = (
				5029B9A2F62556B39163B721 /* Sources */,
			);
			buildRules = (
			);
			dependencies = (
				2B725094BF674FB89E0957EC /* PBXTargetDependency */,
			);
			name = SwordReaderTests;
			packageProductDependencies = (
			);
			productName = SwordReaderTests;
			productReference = 5868C39750F4174ED6485C38 /* SwordReaderTests.xctest */;
			productType = "com.apple.product-type.bundle.unit-test";
		};
		EC15686F40B9BCFC65ED270A /* SwordReaderMac */ = {
			isa = PBXNativeTarget;
			buildConfigurationList = 9E678FE016D49306A60D3E47 /* Build configuration list for PBXNativeTarget "SwordReaderMac" */;
			buildPhases = (
				D5AE0D9B00AF70F52DD4202D /* Sources */,
				2F582484CD3BD16F75E7317A /* Resources */,
				2EC9D2AC12BE6ADD028D6017 /* Frameworks */,
			);
			buildRules = (
			);
			dependencies = (
			);
			name = SwordReaderMac;
			packageProductDependencies = (
				1BFE90372642D93DEC251D88 /* SwordKit */,
			);
			productName = SwordReaderMac;
			productReference = 27949FEDA7BA18A660F53B7B /* SwordReaderMac.app */;
			productType = "com.apple.product-type.application";
		};
/* End PBXNativeTarget section */

/* Begin PBXProject section */
		16C467349B56CD9E595855F1 /* Project object */ = {
			isa = PBXProject;
			attributes = {
				BuildIndependentTargetsInParallel = YES;
				LastUpgradeCheck = 1430;
				TargetAttributes = {
					0AD9380AC6E5FCDA8579BF69 = {
						ProvisioningStyle = Automatic;
					};
					3B1F91441D73EA9C0880F091 = {
						ProvisioningStyle = Automatic;
					};
					EC15686F40B9BCFC65ED270A = {
						ProvisioningStyle = Automatic;
					};
				};
			};
			buildConfigurationList = C39C8EFBB784C59EA65307D5 /* Build configuration list for PBXProject "SwordReader" */;
			developmentRegion = en;
			hasScannedForEncodings = 0;
			knownRegions = (
				Base,
				en,
			);
			mainGroup = B7DC0FAF66DF9403018E8327;
			minimizedProjectReferenceProxies = 1;
			packageReferences = (
				DD71EAF3B74C4E6E94F09088 /* XCRemoteSwiftPackageReference "SwordKit" */,
			);
			preferredProjectObjectVersion = 77;
			productRefGroup = BB0C71F8AAD2CCE4EAF275F0 /* Products */;
			projectDirPath = "";
			projectRoot = "";
			targets = (
				0AD9380AC6E5FCDA8579BF69 /* SwordReader */,
				EC15686F40B9BCFC65ED270A /* SwordReaderMac */,
				73B41B9F7144684A25E6BFD0 /* SwordReaderTests */,
				3B1F91441D73EA9C0880F091 /* SwordReaderWatch */,
			);
		};
/* End PBXProject section */

/* Begin PBXResourcesBuildPhase section */
		0FF889044138312F9BC15710 /* Resources */ = {
			isa = PBXResourcesBuildPhase;
			buildActionMask = 2147483647;
			files = (
				EEDECA17C41A459D87109740 /* Assets.xcassets in Resources */,
				F618F5CB75642F8BF1C91214 /* Localizable.xcstrings in Resources */,
				A43909D98CB5E98F7D7FAE86 /* PrivacyInfo.xcprivacy in Resources */,
			);
			runOnlyForDeploymentPostprocessing = 0;
		};
		2F582484CD3BD16F75E7317A /* Resources */ = {
			isa = PBXResourcesBuildPhase;
			buildActionMask = 2147483647;
			files = (
				A7C802DA9E68059FEDD14CAA /* Assets.xcassets in Resources */,
				4EAC21187D8B67F6731F0EB2 /* Localizable.xcstrings in Resources */,
				C3207A64496F3151B78A3775 /* PrivacyInfo.xcprivacy in Resources */,
			);
			runOnlyForDeploymentPostprocessing = 0;
		};
		3CF9EBEA42D168CD680DC3F7 /* Resources */ = {
			isa = PBXResourcesBuildPhase;
			buildActionMask = 2147483647;
			files = (
				60CF04167A8D1134B0C7158F /* Assets.xcassets in Resources */,
				6009634BCF33445C26D9BA47 /* Localizable.xcstrings in Resources */,
				6FF718927442EFFE1CE9D83C /* PrivacyInfo.xcprivacy in Resources */,
			);
			runOnlyForDeploymentPostprocessing = 0;
		};
/* End PBXResourcesBuildPhase section */

/* Begin PBXSourcesBuildPhase section */
		5029B9A2F62556B39163B721 /* Sources */ = {
			isa = PBXSourcesBuildPhase;
			buildActionMask = 2147483647;
			files = (
				C3702C2A075B71841E477363 /* AppModelTests.swift in Sources */,
			);
			runOnlyForDeploymentPostprocessing = 0;
		};
		644E7A5F61AE7800BBBC084E /* Sources */ = {
			isa = PBXSourcesBuildPhase;
			buildActionMask = 2147483647;
			files = (
				3DB20FC88172D40D6C6EC86A /* AppModel.swift in Sources */,
				2E511E2351B5D06AE5267162 /* BuiltInReadingPlans.swift in Sources */,
				2DE65A5A7FF91282FA01AC9D /* CompanionSync.swift in Sources */,
				2C3B1C3F95C51B1AB0E75A92 /* FeedbackReport.swift in Sources */,
				FD7F5E2AC675FA1F8CD2EEE3 /* FeedbackView.swift in Sources */,
				264FD9BB898940E0CE221109 /* LibraryView.swift in Sources */,
				BCC2733314D41E38215A6660 /* ModuleSourcesView.swift in Sources */,
				9F9C8C85549F0BEB10525E5D /* OnboardingView.swift in Sources */,
				E6D0FEADDEE34DCF715849E2 /* PrivacyAndLicensesView.swift in Sources */,
				EFEE74F426EE1C5291DFC796 /* ReaderContinuityActivity.swift in Sources */,
				E3422C241C41209E1A5340A7 /* ReaderView.swift in Sources */,
				5B88F4C1D948610C9501EC5C /* ReadingPlanReminderScheduler.swift in Sources */,
				4D095ED2041DEF217FE3D2BC /* ReadingPlansView.swift in Sources */,
				DCD641C8F1931CFCFA7E8AEC /* RemoteModuleBrowser.swift in Sources */,
				F7378B214BADAC5C6DC40B7D /* RootView.swift in Sources */,
				83EE1E8A576CC2D940596B8E /* ScriptureModels.swift in Sources */,
				B57C1C554734A5FFAC2B4AE3 /* ScriptureService.swift in Sources */,
				F77AE960E371172484B061CC /* SearchView.swift in Sources */,
				E7E464A945855B2B7D586AEC /* StudyStore.swift in Sources */,
				6A351D71793BE44657B5FA4A /* SwordReaderApp.swift in Sources */,
				86E7749B2AB62AE5490BA88C /* SwordReaderCommands.swift in Sources */,
			);
			runOnlyForDeploymentPostprocessing = 0;
		};
		97956F40CB4398B11DBA5EEC /* Sources */ = {
			isa = PBXSourcesBuildPhase;
			buildActionMask = 2147483647;
			files = (
				BE1539567FA191395F00429E /* SwordReaderWatchApp.swift in Sources */,
				2007609C62F55BA0F0B8DE99 /* WatchReaderModel.swift in Sources */,
				023939437342C131EEF2B673 /* WatchReaderView.swift in Sources */,
			);
			runOnlyForDeploymentPostprocessing = 0;
		};
		D5AE0D9B00AF70F52DD4202D /* Sources */ = {
			isa = PBXSourcesBuildPhase;
			buildActionMask = 2147483647;
			files = (
				182BD29826550342634D175C /* AppModel.swift in Sources */,
				323FA00F082D46FB537A9B5D /* BuiltInReadingPlans.swift in Sources */,
				122AC3474CA03999334E65CF /* CompanionSync.swift in Sources */,
				BC244FC7AD65C73C2993ABFB /* FeedbackReport.swift in Sources */,
				B880DFBA56DA7D82C8C905FF /* FeedbackView.swift in Sources */,
				EF0A36C005481EB200119EE3 /* LibraryView.swift in Sources */,
				594C2434EDBC0AC79E54D41E /* ModuleSourcesView.swift in Sources */,
				6B37C3BDCC3C7D7D57C0D95F /* OnboardingView.swift in Sources */,
				A2FC43E7A6889FC7B55330E0 /* PrivacyAndLicensesView.swift in Sources */,
				9A11462734D192571B619533 /* ReaderContinuityActivity.swift in Sources */,
				6A072D123975D86B1083E062 /* ReaderView.swift in Sources */,
				F53FF6732884320783B04C88 /* ReadingPlanReminderScheduler.swift in Sources */,
				ED949E0BB7CEB907075FBE1C /* ReadingPlansView.swift in Sources */,
				A14388353CCED21CD2CC9DFF /* RemoteModuleBrowser.swift in Sources */,
				D0476DEFEBF151A2A2324B14 /* RootView.swift in Sources */,
				D99C4EB13C43952B2533BC3D /* ScriptureModels.swift in Sources */,
				5F8082E8C38A18BA4984E15F /* ScriptureService.swift in Sources */,
				FA41661C793F5DA18FB1C312 /* SearchView.swift in Sources */,
				490B7C09AAEE89F570BE2493 /* StudyStore.swift in Sources */,
				7188B75C2FE76BDD8F424BDE /* SwordReaderApp.swift in Sources */,
				3BAF876C5E73FDE361F42B85 /* SwordReaderCommands.swift in Sources */,
			);
			runOnlyForDeploymentPostprocessing = 0;
		};
/* End PBXSourcesBuildPhase section */

/* Begin PBXTargetDependency section */
		2B725094BF674FB89E0957EC /* PBXTargetDependency */ = {
			isa = PBXTargetDependency;
			target = EC15686F40B9BCFC65ED270A /* SwordReaderMac */;
			targetProxy = FCC5205E32202D4B5CFBFF61 /* PBXContainerItemProxy */;
		};
		7D18BE754967378E15A3C47B /* PBXTargetDependency */ = {
			isa = PBXTargetDependency;
			target = 3B1F91441D73EA9C0880F091 /* SwordReaderWatch */;
			targetProxy = 39DB3744FD1A3387EE1B848A /* PBXContainerItemProxy */;
		};
/* End PBXTargetDependency section */

/* Begin XCBuildConfiguration section */
		22F4E5A47020C53BF7D4D322 /* Release */ = {
			isa = XCBuildConfiguration;
			buildSettings = {
				ASSETCATALOG_COMPILER_APPICON_NAME = AppIcon;
				CODE_SIGN_IDENTITY = "iPhone Developer";
				CODE_SIGN_STYLE = Automatic;
				CURRENT_PROJECT_VERSION = 2;
				ENABLE_USER_SCRIPT_SANDBOXING = YES;
				GENERATE_INFOPLIST_FILE = YES;
				INFOPLIST_FILE = "Support/SwordReader-Info.plist";
				LD_RUNPATH_SEARCH_PATHS = (
					"$(inherited)",
					"@executable_path/Frameworks",
				);
				MARKETING_VERSION = 0.2.0;
				PRODUCT_BUNDLE_IDENTIFIER = com.orbeavers14.SwordReader;
				SDKROOT = iphoneos;
				SUPPORTS_MACCATALYST = NO;
				SWIFT_VERSION = 6.0;
				TARGETED_DEVICE_FAMILY = "1,2";
			};
			name = Release;
		};
		5500597811D293622152DBE2 /* Debug */ = {
			isa = XCBuildConfiguration;
			buildSettings = {
				ASSETCATALOG_COMPILER_APPICON_NAME = AppIcon;
				CODE_SIGN_IDENTITY = "iPhone Developer";
				CODE_SIGN_STYLE = Automatic;
				CURRENT_PROJECT_VERSION = 2;
				ENABLE_USER_SCRIPT_SANDBOXING = YES;
				GENERATE_INFOPLIST_FILE = YES;
				INFOPLIST_FILE = "Support/SwordReader-Info.plist";
				LD_RUNPATH_SEARCH_PATHS = (
					"$(inherited)",
					"@executable_path/Frameworks",
				);
				MARKETING_VERSION = 0.2.0;
				PRODUCT_BUNDLE_IDENTIFIER = com.orbeavers14.SwordReader;
				SDKROOT = iphoneos;
				SUPPORTS_MACCATALYST = NO;
				SWIFT_VERSION = 6.0;
				TARGETED_DEVICE_FAMILY = "1,2";
			};
			name = Debug;
		};
		5B0E53883F61A2C182F83A8D /* Debug */ = {
			isa = XCBuildConfiguration;
			buildSettings = {
				ALWAYS_SEARCH_USER_PATHS = NO;
				CLANG_ANALYZER_NONNULL = YES;
				CLANG_ANALYZER_NUMBER_OBJECT_CONVERSION = YES_AGGRESSIVE;
				CLANG_CXX_LANGUAGE_STANDARD = "gnu++14";
				CLANG_CXX_LIBRARY = "libc++";
				CLANG_ENABLE_MODULES = YES;
				CLANG_ENABLE_OBJC_ARC = YES;
				CLANG_ENABLE_OBJC_WEAK = YES;
				CLANG_WARN_BLOCK_CAPTURE_AUTORELEASING = YES;
				CLANG_WARN_BOOL_CONVERSION = YES;
				CLANG_WARN_COMMA = YES;
				CLANG_WARN_CONSTANT_CONVERSION = YES;
				CLANG_WARN_DEPRECATED_OBJC_IMPLEMENTATIONS = YES;
				CLANG_WARN_DIRECT_OBJC_ISA_USAGE = YES_ERROR;
				CLANG_WARN_DOCUMENTATION_COMMENTS = YES;
				CLANG_WARN_EMPTY_BODY = YES;
				CLANG_WARN_ENUM_CONVERSION = YES;
				CLANG_WARN_INFINITE_RECURSION = YES;
				CLANG_WARN_INT_CONVERSION = YES;
				CLANG_WARN_NON_LITERAL_NULL_CONVERSION = YES;
				CLANG_WARN_OBJC_IMPLICIT_RETAIN_SELF = YES;
				CLANG_WARN_OBJC_LITERAL_CONVERSION = YES;
				CLANG_WARN_OBJC_ROOT_CLASS = YES_ERROR;
				CLANG_WARN_QUOTED_INCLUDE_IN_FRAMEWORK_HEADER = YES;
				CLANG_WARN_RANGE_LOOP_ANALYSIS = YES;
				CLANG_WARN_STRICT_PROTOTYPES = YES;
				CLANG_WARN_SUSPICIOUS_MOVE = YES;
				CLANG_WARN_UNGUARDED_AVAILABILITY = YES_AGGRESSIVE;
				CLANG_WARN_UNREACHABLE_CODE = YES;
				CLANG_WARN__DUPLICATE_METHOD_MATCH = YES;
				COPY_PHASE_STRIP = NO;
				DEBUG_INFORMATION_FORMAT = dwarf;
				ENABLE_STRICT_OBJC_MSGSEND = YES;
				ENABLE_TESTABILITY = YES;
				GCC_C_LANGUAGE_STANDARD = gnu11;
				GCC_DYNAMIC_NO_PIC = NO;
				GCC_NO_COMMON_BLOCKS = YES;
				GCC_OPTIMIZATION_LEVEL = 0;
				GCC_PREPROCESSOR_DEFINITIONS = (
					"$(inherited)",
					"DEBUG=1",
				);
				GCC_WARN_64_TO_32_BIT_CONVERSION = YES;
				GCC_WARN_ABOUT_RETURN_TYPE = YES_ERROR;
				GCC_WARN_UNDECLARED_SELECTOR = YES;
				GCC_WARN_UNINITIALIZED_AUTOS = YES_AGGRESSIVE;
				GCC_WARN_UNUSED_FUNCTION = YES;
				GCC_WARN_UNUSED_VARIABLE = YES;
				IPHONEOS_DEPLOYMENT_TARGET = 17.0;
				MACOSX_DEPLOYMENT_TARGET = 14.0;
				MTL_ENABLE_DEBUG_INFO = INCLUDE_SOURCE;
				MTL_FAST_MATH = YES;
				ONLY_ACTIVE_ARCH = YES;
				PRODUCT_NAME = "$(TARGET_NAME)";
				SWIFT_ACTIVE_COMPILATION_CONDITIONS = DEBUG;
				SWIFT_OPTIMIZATION_LEVEL = "-Onone";
				SWIFT_VERSION = 5.0;
				WATCHOS_DEPLOYMENT_TARGET = 10.0;
			};
			name = Debug;
		};
		6423799D1B78872D23F2584C /* Debug */ = {
			isa = XCBuildConfiguration;
			buildSettings = {
				ASSETCATALOG_COMPILER_APPICON_NAME = AppIcon;
				CODE_SIGN_STYLE = Automatic;
				COMBINE_HIDPI_IMAGES = YES;
				CURRENT_PROJECT_VERSION = 2;
				ENABLE_USER_SCRIPT_SANDBOXING = YES;
				GENERATE_INFOPLIST_FILE = YES;
				INFOPLIST_FILE = "Support/SwordReaderMac-Info.plist";
				LD_RUNPATH_SEARCH_PATHS = (
					"$(inherited)",
					"@executable_path/../Frameworks",
				);
				MARKETING_VERSION = 0.2.0;
				PRODUCT_BUNDLE_IDENTIFIER = com.orbeavers14.SwordReader.mac;
				SDKROOT = macosx;
				SWIFT_VERSION = 6.0;
			};
			name = Debug;
		};
		67F66DD7539DEACBC6B36CF9 /* Debug */ = {
			isa = XCBuildConfiguration;
			buildSettings = {
				BUNDLE_LOADER = "$(TEST_HOST)";
				COMBINE_HIDPI_IMAGES = YES;
				GENERATE_INFOPLIST_FILE = YES;
				LD_RUNPATH_SEARCH_PATHS = (
					"$(inherited)",
					"@executable_path/../Frameworks",
					"@loader_path/../Frameworks",
				);
				PRODUCT_BUNDLE_IDENTIFIER = com.orbeavers14.SwordReaderTests;
				SDKROOT = macosx;
				SWIFT_VERSION = 6.0;
				TEST_HOST = "$(BUILT_PRODUCTS_DIR)/SwordReaderMac.app/Contents/MacOS/SwordReaderMac";
			};
			name = Debug;
		};
		9323BBC8EC0699D9844F9F91 /* Release */ = {
			isa = XCBuildConfiguration;
			buildSettings = {
				BUNDLE_LOADER = "$(TEST_HOST)";
				COMBINE_HIDPI_IMAGES = YES;
				GENERATE_INFOPLIST_FILE = YES;
				LD_RUNPATH_SEARCH_PATHS = (
					"$(inherited)",
					"@executable_path/../Frameworks",
					"@loader_path/../Frameworks",
				);
				PRODUCT_BUNDLE_IDENTIFIER = com.orbeavers14.SwordReaderTests;
				SDKROOT = macosx;
				SWIFT_VERSION = 6.0;
				TEST_HOST = "$(BUILT_PRODUCTS_DIR)/SwordReaderMac.app/Contents/MacOS/SwordReaderMac";
			};
			name = Release;
		};
		950744F498C1CF7D9140E72C /* Release */ = {
			isa = XCBuildConfiguration;
			buildSettings = {
				ASSETCATALOG_COMPILER_APPICON_NAME = AppIcon;
				CODE_SIGN_STYLE = Automatic;
				COMBINE_HIDPI_IMAGES = YES;
				CURRENT_PROJECT_VERSION = 2;
				ENABLE_USER_SCRIPT_SANDBOXING = YES;
				GENERATE_INFOPLIST_FILE = YES;
				INFOPLIST_FILE = "Support/SwordReaderMac-Info.plist";
				LD_RUNPATH_SEARCH_PATHS = (
					"$(inherited)",
					"@executable_path/../Frameworks",
				);
				MARKETING_VERSION = 0.2.0;
				PRODUCT_BUNDLE_IDENTIFIER = com.orbeavers14.SwordReader.mac;
				SDKROOT = macosx;
				SWIFT_VERSION = 6.0;
			};
			name = Release;
		};
		A0C2E3BBD59F2B89C6501261 /* Release */ = {
			isa = XCBuildConfiguration;
			buildSettings = {
				ALWAYS_SEARCH_USER_PATHS = NO;
				CLANG_ANALYZER_NONNULL = YES;
				CLANG_ANALYZER_NUMBER_OBJECT_CONVERSION = YES_AGGRESSIVE;
				CLANG_CXX_LANGUAGE_STANDARD = "gnu++14";
				CLANG_CXX_LIBRARY = "libc++";
				CLANG_ENABLE_MODULES = YES;
				CLANG_ENABLE_OBJC_ARC = YES;
				CLANG_ENABLE_OBJC_WEAK = YES;
				CLANG_WARN_BLOCK_CAPTURE_AUTORELEASING = YES;
				CLANG_WARN_BOOL_CONVERSION = YES;
				CLANG_WARN_COMMA = YES;
				CLANG_WARN_CONSTANT_CONVERSION = YES;
				CLANG_WARN_DEPRECATED_OBJC_IMPLEMENTATIONS = YES;
				CLANG_WARN_DIRECT_OBJC_ISA_USAGE = YES_ERROR;
				CLANG_WARN_DOCUMENTATION_COMMENTS = YES;
				CLANG_WARN_EMPTY_BODY = YES;
				CLANG_WARN_ENUM_CONVERSION = YES;
				CLANG_WARN_INFINITE_RECURSION = YES;
				CLANG_WARN_INT_CONVERSION = YES;
				CLANG_WARN_NON_LITERAL_NULL_CONVERSION = YES;
				CLANG_WARN_OBJC_IMPLICIT_RETAIN_SELF = YES;
				CLANG_WARN_OBJC_LITERAL_CONVERSION = YES;
				CLANG_WARN_OBJC_ROOT_CLASS = YES_ERROR;
				CLANG_WARN_QUOTED_INCLUDE_IN_FRAMEWORK_HEADER = YES;
				CLANG_WARN_RANGE_LOOP_ANALYSIS = YES;
				CLANG_WARN_STRICT_PROTOTYPES = YES;
				CLANG_WARN_SUSPICIOUS_MOVE = YES;
				CLANG_WARN_UNGUARDED_AVAILABILITY = YES_AGGRESSIVE;
				CLANG_WARN_UNREACHABLE_CODE = YES;
				CLANG_WARN__DUPLICATE_METHOD_MATCH = YES;
				COPY_PHASE_STRIP = NO;
				DEBUG_INFORMATION_FORMAT = "dwarf-with-dsym";
				ENABLE_NS_ASSERTIONS = NO;
				ENABLE_STRICT_OBJC_MSGSEND = YES;
				GCC_C_LANGUAGE_STANDARD = gnu11;
				GCC_NO_COMMON_BLOCKS = YES;
				GCC_WARN_64_TO_32_BIT_CONVERSION = YES;
				GCC_WARN_ABOUT_RETURN_TYPE = YES_ERROR;
				GCC_WARN_UNDECLARED_SELECTOR = YES;
				GCC_WARN_UNINITIALIZED_AUTOS = YES_AGGRESSIVE;
				GCC_WARN_UNUSED_FUNCTION = YES;
				GCC_WARN_UNUSED_VARIABLE = YES;
				IPHONEOS_DEPLOYMENT_TARGET = 17.0;
				MACOSX_DEPLOYMENT_TARGET = 14.0;
				MTL_ENABLE_DEBUG_INFO = NO;
				MTL_FAST_MATH = YES;
				PRODUCT_NAME = "$(TARGET_NAME)";
				SWIFT_COMPILATION_MODE = wholemodule;
				SWIFT_OPTIMIZATION_LEVEL = "-O";
				SWIFT_VERSION = 5.0;
				WATCHOS_DEPLOYMENT_TARGET = 10.0;
			};
			name = Release;
		};
		A8D0EB4F34C2C265840EBE50 /* Release */ = {
			isa = XCBuildConfiguration;
			buildSettings = {
				ASSETCATALOG_COMPILER_APPICON_NAME = AppIcon;
				CODE_SIGN_STYLE = Automatic;
				CURRENT_PROJECT_VERSION = 2;
				GENERATE_INFOPLIST_FILE = NO;
				INFOPLIST_FILE = "Support/SwordReaderWatch-Info.plist";
				MARKETING_VERSION = 0.2.0;
				PRODUCT_BUNDLE_IDENTIFIER = com.orbeavers14.SwordReader.watchkitapp;
				SDKROOT = watchos;
				SKIP_INSTALL = YES;
				SWIFT_VERSION = 6.0;
				TARGETED_DEVICE_FAMILY = 4;
			};
			name = Release;
		};
		BC2EA10FC0C8B5456C96AD21 /* Debug */ = {
			isa = XCBuildConfiguration;
			buildSettings = {
				ASSETCATALOG_COMPILER_APPICON_NAME = AppIcon;
				CODE_SIGN_STYLE = Automatic;
				CURRENT_PROJECT_VERSION = 2;
				GENERATE_INFOPLIST_FILE = NO;
				INFOPLIST_FILE = "Support/SwordReaderWatch-Info.plist";
				MARKETING_VERSION = 0.2.0;
				PRODUCT_BUNDLE_IDENTIFIER = com.orbeavers14.SwordReader.watchkitapp;
				SDKROOT = watchos;
				SKIP_INSTALL = YES;
				SWIFT_VERSION = 6.0;
				TARGETED_DEVICE_FAMILY = 4;
			};
			name = Debug;
		};
/* End XCBuildConfiguration section */

/* Begin XCConfigurationList section */
		2A9772F3F65DE622C3E0DBF2 /* Build configuration list for PBXNativeTarget "SwordReaderWatch" */ = {
			isa = XCConfigurationList;
			buildConfigurations = (
				BC2EA10FC0C8B5456C96AD21 /* Debug */,
				A8D0EB4F34C2C265840EBE50 /* Release */,
			);
			defaultConfigurationIsVisible = 0;
			defaultConfigurationName = Debug;
		};
		63B87D05E59AC393E94F215B /* Build configuration list for PBXNativeTarget "SwordReaderTests" */ = {
			isa = XCConfigurationList;
			buildConfigurations = (
				67F66DD7539DEACBC6B36CF9 /* Debug */,
				9323BBC8EC0699D9844F9F91 /* Release */,
			);
			defaultConfigurationIsVisible = 0;
			defaultConfigurationName = Debug;
		};
		9E678FE016D49306A60D3E47 /* Build configuration list for PBXNativeTarget "SwordReaderMac" */ = {
			isa = XCConfigurationList;
			buildConfigurations = (
				6423799D1B78872D23F2584C /* Debug */,
				950744F498C1CF7D9140E72C /* Release */,
			);
			defaultConfigurationIsVisible = 0;
			defaultConfigurationName = Debug;
		};
		C39C8EFBB784C59EA65307D5 /* Build configuration list for PBXProject "SwordReader" */ = {
			isa = XCConfigurationList;
			buildConfigurations = (
				5B0E53883F61A2C182F83A8D /* Debug */,
				A0C2E3BBD59F2B89C6501261 /* Release */,
			);
			defaultConfigurationIsVisible = 0;
			defaultConfigurationName = Debug;
		};
		E644396F2BF00BC1DC62F43C /* Build configuration list for PBXNativeTarget "SwordReader" */ = {
			isa = XCConfigurationList;
			buildConfigurations = (
				5500597811D293622152DBE2 /* Debug */,
				22F4E5A47020C53BF7D4D322 /* Release */,
			);
			defaultConfigurationIsVisible = 0;
			defaultConfigurationName = Debug;
		};
/* End XCConfigurationList section */

/* Begin XCRemoteSwiftPackageReference section */
		DD71EAF3B74C4E6E94F09088 /* XCRemoteSwiftPackageReference "SwordKit" */ = {
			isa = XCRemoteSwiftPackageReference;
			repositoryURL = "https://github.com/orbeavers14/SwordKit.git";
			requirement = {
				kind = exactVersion;
				version = 0.6.0;
			};
		};
/* End XCRemoteSwiftPackageReference section */

/* Begin XCSwiftPackageProductDependency section */
		18F967ADF67FF2D952214576 /* SwordKit */ = {
			isa = XCSwiftPackageProductDependency;
			package = DD71EAF3B74C4E6E94F09088 /* XCRemoteSwiftPackageReference "SwordKit" */;
			productName = SwordKit;
		};
		1BFE90372642D93DEC251D88 /* SwordKit */ = {
			isa = XCSwiftPackageProductDependency;
			package = DD71EAF3B74C4E6E94F09088 /* XCRemoteSwiftPackageReference "SwordKit" */;
			productName = SwordKit;
		};
		1DF7AC1CF36D2CDF52E0FC47 /* SwordKit */ = {
			isa = XCSwiftPackageProductDependency;
			package = DD71EAF3B74C4E6E94F09088 /* XCRemoteSwiftPackageReference "SwordKit" */;
			productName = SwordKit;
		};
/* End XCSwiftPackageProductDependency section */
	};
	rootObject = 16C467349B56CD9E595855F1 /* Project object */;
}
