{
  "originHash" : "9d41e46031ecf91ebaa0cf75a301d048a25839a5673ab0ec46618fd9f137e040",
  "pins" : [
    {
      "identity" : "swordkit",
      "kind" : "remoteSourceControl",
      "location" : "https://github.com/orbeavers14/SwordKit.git",
      "state" : {
        "revision" : "c4d43dfeebe5609305e6565aa0bf316059138c48",
        "version" : "0.2.0"
      }
    }
  ],
  "version" : 3
}
