{
  "originHash" : "9d41e46031ecf91ebaa0cf75a301d048a25839a5673ab0ec46618fd9f137e040",
  "pins" : [
    {
      "identity" : "swordkit",
      "kind" : "remoteSourceControl",
      "location" : "https://github.com/orbeavers14/SwordKit.git",
      "state" : {
        "revision" : "91e921870403495b245bbdea49739583a8b2d7ca",
        "version" : "0.4.0"
      }
    }
  ],
  "version" : 3
}
